
Microsoft Visual Studio Solution File, Format Version 12.00
# Visual Studio Version 17
VisualStudioVersion = 17.5.2.0
MinimumVisualStudioVersion = 10.0.40219.1
Project("{2150E333-8FDC-42A3-9474-1A3956D46DE8}") = "tests", "tests", "{0AB3BF05-4346-4AA6-1389-037BE0695223}"
EndProject
Project("{FAE04EC0-301F-11D3-BF4B-00C04F79EFBC}") = "okai.Core.Tests", "tests\okai.Core.Tests\okai.Core.Tests.csproj", "{45D4CE56-D947-4659-AF6F-71C03221C965}"
EndProject
Project("{FAE04EC0-301F-11D3-BF4B-00C04F79EFBC}") = "okai.Agents.Tests", "tests\okai.Agents.Tests\okai.Agents.Tests.csproj", "{9C6183FD-5ACC-4B5F-ABEE-7EA36907BA18}"
EndProject
Project("{2150E333-8FDC-42A3-9474-1A3956D46DE8}") = "src", "src", "{827E0CD3-B72D-47B6-A68D-7590B98EB39B}"
EndProject
Project("{FAE04EC0-301F-11D3-BF4B-00C04F79EFBC}") = "okai.Core", "src\okai.Core\okai.Core.csproj", "{6D4FA0C6-CAD5-47B3-9C9F-6843E5F72EC9}"
EndProject
Project("{FAE04EC0-301F-11D3-BF4B-00C04F79EFBC}") = "okai.Agents", "src\okai.Agents\okai.Agents.csproj", "{B6F9B9C4-934C-4AFC-B35D-0EC43E7E39D6}"
EndProject
Project("{FAE04EC0-301F-11D3-BF4B-00C04F79EFBC}") = "okai.Cli", "src\okai.Cli\okai.Cli.csproj", "{ABC5C4EB-B391-4DCF-8E18-C16D2C40EC3E}"
EndProject
Global
	GlobalSection(SolutionConfigurationPlatforms) = preSolution
		Debug|Any CPU = Debug|Any CPU
		Debug|x64 = Debug|x64
		Debug|x86 = Debug|x86
		Release|Any CPU = Release|Any CPU
		Release|x64 = Release|x64
		Release|x86 = Release|x86
	EndGlobalSection
	GlobalSection(ProjectConfigurationPlatforms) = postSolution
		{45D4CE56-D947-4659-AF6F-71C03221C965}.Debug|Any CPU.ActiveCfg = Debug|Any CPU
		{45D4CE56-D947-4659-AF6F-71C03221C965}.Debug|Any CPU.Build.0 = Debug|Any CPU
		{45D4CE56-D947-4659-AF6F-71C03221C965}.Debug|x64.ActiveCfg = Debug|Any CPU
		{45D4CE56-D947-4659-AF6F-71C03221C965}.Debug|x64.Build.0 = Debug|Any CPU
		{45D4CE56-D947-4659-AF6F-71C03221C965}.Debug|x86.ActiveCfg = Debug|Any CPU
		{45D4CE56-D947-4659-AF6F-71C03221C965}.Debug|x86.Build.0 = Debug|Any CPU
		{45D4CE56-D947-4659-AF6F-71C03221C965}.Release|Any CPU.ActiveCfg = Release|Any CPU
		{45D4CE56-D947-4659-AF6F-71C03221C965}.Release|Any CPU.Build.0 = Release|Any CPU
		{45D4CE56-D947-4659-AF6F-71C03221C965}.Release|x64.ActiveCfg = Release|Any CPU
		{45D4CE56-D947-4659-AF6F-71C03221C965}.Release|x64.Build.0 = Release|Any CPU
		{45D4CE56-D947-4659-AF6F-71C03221C965}.Release|x86.ActiveCfg = Release|Any CPU
		{45D4CE56-D947-4659-AF6F-71C03221C965}.Release|x86.Build.0 = Release|Any CPU
		{9C6183FD-5ACC-4B5F-ABEE-7EA36907BA18}.Debug|Any CPU.ActiveCfg = Debug|Any CPU
		{9C6183FD-5ACC-4B5F-ABEE-7EA36907BA18}.Debug|Any CPU.Build.0 = Debug|Any CPU
		{9C6183FD-5ACC-4B5F-ABEE-7EA36907BA18}.Debug|x64.ActiveCfg = Debug|Any CPU
		{9C6183FD-5ACC-4B5F-ABEE-7EA36907BA18}.Debug|x64.Build.0 = Debug|Any CPU
		{9C6183FD-5ACC-4B5F-ABEE-7EA36907BA18}.Debug|x86.ActiveCfg = Debug|Any CPU
		{9C6183FD-5ACC-4B5F-ABEE-7EA36907BA18}.Debug|x86.Build.0 = Debug|Any CPU
		{9C6183FD-5ACC-4B5F-ABEE-7EA36907BA18}.Release|Any CPU.ActiveCfg = Release|Any CPU
		{9C6183FD-5ACC-4B5F-ABEE-7EA36907BA18}.Release|Any CPU.Build.0 = Release|Any CPU
		{9C6183FD-5ACC-4B5F-ABEE-7EA36907BA18}.Release|x64.ActiveCfg = Release|Any CPU
		{9C6183FD-5ACC-4B5F-ABEE-7EA36907BA18}.Release|x64.Build.0 = Release|Any CPU
		{9C6183FD-5ACC-4B5F-ABEE-7EA36907BA18}.Release|x86.ActiveCfg = Release|Any CPU
		{9C6183FD-5ACC-4B5F-ABEE-7EA36907BA18}.Release|x86.Build.0 = Release|Any CPU
		{6D4FA0C6-CAD5-47B3-9C9F-6843E5F72EC9}.Debug|Any CPU.ActiveCfg = Debug|Any CPU
		{6D4FA0C6-CAD5-47B3-9C9F-6843E5F72EC9}.Debug|Any CPU.Build.0 = Debug|Any CPU
		{6D4FA0C6-CAD5-47B3-9C9F-6843E5F72EC9}.Debug|x64.ActiveCfg = Debug|Any CPU
		{6D4FA0C6-CAD5-47B3-9C9F-6843E5F72EC9}.Debug|x64.Build.0 = Debug|Any CPU
		{6D4FA0C6-CAD5-47B3-9C9F-6843E5F72EC9}.Debug|x86.ActiveCfg = Debug|Any CPU
		{6D4FA0C6-CAD5-47B3-9C9F-6843E5F72EC9}.Debug|x86.Build.0 = Debug|Any CPU
		{6D4FA0C6-CAD5-47B3-9C9F-6843E5F72EC9}.Release|Any CPU.ActiveCfg = Release|Any CPU
		{6D4FA0C6-CAD5-47B3-9C9F-6843E5F72EC9}.Release|Any CPU.Build.0 = Release|Any CPU
		{6D4FA0C6-CAD5-47B3-9C9F-6843E5F72EC9}.Release|x64.ActiveCfg = Release|Any CPU
		{6D4FA0C6-CAD5-47B3-9C9F-6843E5F72EC9}.Release|x64.Build.0 = Release|Any CPU
		{6D4FA0C6-CAD5-47B3-9C9F-6843E5F72EC9}.Release|x86.ActiveCfg = Release|Any CPU
		{6D4FA0C6-CAD5-47B3-9C9F-6843E5F72EC9}.Release|x86.Build.0 = Release|Any CPU
		{B6F9B9C4-934C-4AFC-B35D-0EC43E7E39D6}.Debug|Any CPU.ActiveCfg = Debug|Any CPU
		{B6F9B9C4-934C-4AFC-B35D-0EC43E7E39D6}.Debug|Any CPU.Build.0 = Debug|Any CPU
		{B6F9B9C4-934C-4AFC-B35D-0EC43E7E39D6}.Debug|x64.ActiveCfg = Debug|Any CPU
		{B6F9B9C4-934C-4AFC-B35D-0EC43E7E39D6}.Debug|x64.Build.0 = Debug|Any CPU
		{B6F9B9C4-934C-4AFC-B35D-0EC43E7E39D6}.Debug|x86.ActiveCfg = Debug|Any CPU
		{B6F9B9C4-934C-4AFC-B35D-0EC43E7E39D6}.Debug|x86.Build.0 = Debug|Any CPU
		{B6F9B9C4-934C-4AFC-B35D-0EC43E7E39D6}.Release|Any CPU.ActiveCfg = Release|Any CPU
		{B6F9B9C4-934C-4AFC-B35D-0EC43E7E39D6}.Release|Any CPU.Build.0 = Release|Any CPU
		{B6F9B9C4-934C-4AFC-B35D-0EC43E7E39D6}.Release|x64.ActiveCfg = Release|Any CPU
		{B6F9B9C4-934C-4AFC-B35D-0EC43E7E39D6}.Release|x64.Build.0 = Release|Any CPU
		{B6F9B9C4-934C-4AFC-B35D-0EC43E7E39D6}.Release|x86.ActiveCfg = Release|Any CPU
		{B6F9B9C4-934C-4AFC-B35D-0EC43E7E39D6}.Release|x86.Build.0 = Release|Any CPU
		{ABC5C4EB-B391-4DCF-8E18-C16D2C40EC3E}.Debug|Any CPU.ActiveCfg = Debug|Any CPU
		{ABC5C4EB-B391-4DCF-8E18-C16D2C40EC3E}.Debug|Any CPU.Build.0 = Debug|Any CPU
		{ABC5C4EB-B391-4DCF-8E18-C16D2C40EC3E}.Debug|x64.ActiveCfg = Debug|Any CPU
		{ABC5C4EB-B391-4DCF-8E18-C16D2C40EC3E}.Debug|x64.Build.0 = Debug|Any CPU
		{ABC5C4EB-B391-4DCF-8E18-C16D2C40EC3E}.Debug|x86.ActiveCfg = Debug|Any CPU
		{ABC5C4EB-B391-4DCF-8E18-C16D2C40EC3E}.Debug|x86.Build.0 = Debug|Any CPU
		{ABC5C4EB-B391-4DCF-8E18-C16D2C40EC3E}.Release|Any CPU.ActiveCfg = Release|Any CPU
		{ABC5C4EB-B391-4DCF-8E18-C16D2C40EC3E}.Release|Any CPU.Build.0 = Release|Any CPU
		{ABC5C4EB-B391-4DCF-8E18-C16D2C40EC3E}.Release|x64.ActiveCfg = Release|Any CPU
		{ABC5C4EB-B391-4DCF-8E18-C16D2C40EC3E}.Release|x64.Build.0 = Release|Any CPU
		{ABC5C4EB-B391-4DCF-8E18-C16D2C40EC3E}.Release|x86.ActiveCfg = Release|Any CPU
		{ABC5C4EB-B391-4DCF-8E18-C16D2C40EC3E}.Release|x86.Build.0 = Release|Any CPU
	EndGlobalSection
	GlobalSection(SolutionProperties) = preSolution
		HideSolutionNode = FALSE
	EndGlobalSection
	GlobalSection(NestedProjects) = preSolution
		{45D4CE56-D947-4659-AF6F-71C03221C965} = {0AB3BF05-4346-4AA6-1389-037BE0695223}
		{9C6183FD-5ACC-4B5F-ABEE-7EA36907BA18} = {0AB3BF05-4346-4AA6-1389-037BE0695223}
		{6D4FA0C6-CAD5-47B3-9C9F-6843E5F72EC9} = {827E0CD3-B72D-47B6-A68D-7590B98EB39B}
		{B6F9B9C4-934C-4AFC-B35D-0EC43E7E39D6} = {827E0CD3-B72D-47B6-A68D-7590B98EB39B}
		{ABC5C4EB-B391-4DCF-8E18-C16D2C40EC3E} = {827E0CD3-B72D-47B6-A68D-7590B98EB39B}
	EndGlobalSection
	GlobalSection(ExtensibilityGlobals) = postSolution
		SolutionGuid = {34FFEA44-FF14-4809-9C16-50B9654B2DC3}
	EndGlobalSection
EndGlobal
